
Microsoft Visual Studio Solution File, Format Version 12.00
# Visual Studio 15
Project("{FAE04EC0-301F-11D3-BF4B-00C04F79EFBC}") = "TTWebGL", "TTWebGL.csproj", "{061C72CC-EAEA-87DA-32BA-3F447C369BCD}"
EndProject
Project("{FAE04EC0-301F-11D3-BF4B-00C04F79EFBC}") = "Assembly-CSharp", "Assembly-CSharp.csproj", "{33FF5D3D-C2A5-B5D1-89DC-F9406BC528C7}"
EndProject
Project("{FAE04EC0-301F-11D3-BF4B-00C04F79EFBC}") = "TTLitJson", "TTLitJson.csproj", "{B621F512-4514-44F5-B3A0-C6617FC99AFB}"
EndProject
Project("{FAE04EC0-301F-11D3-BF4B-00C04F79EFBC}") = "com.bytedance.ttsdk-editor", "com.bytedance.ttsdk-editor.csproj", "{2982707F-BE0E-6E05-2334-D300FDCE73C5}"
EndProject
Global
	GlobalSection(SolutionConfigurationPlatforms) = preSolution
		Debug|Any CPU = Debug|Any CPU
		Release|Any CPU = Release|Any CPU
	EndGlobalSection
	GlobalSection(ProjectConfigurationPlatforms) = postSolution
		{061C72CC-EAEA-87DA-32BA-3F447C369BCD}.Debug|Any CPU.ActiveCfg = Debug|Any CPU
		{061C72CC-EAEA-87DA-32BA-3F447C369BCD}.Debug|Any CPU.Build.0 = Debug|Any CPU
		{061C72CC-EAEA-87DA-32BA-3F447C369BCD}.Release|Any CPU.ActiveCfg = Release|Any CPU
		{061C72CC-EAEA-87DA-32BA-3F447C369BCD}.Release|Any CPU.Build.0 = Release|Any CPU
		{33FF5D3D-C2A5-B5D1-89DC-F9406BC528C7}.Debug|Any CPU.ActiveCfg = Debug|Any CPU
		{33FF5D3D-C2A5-B5D1-89DC-F9406BC528C7}.Debug|Any CPU.Build.0 = Debug|Any CPU
		{33FF5D3D-C2A5-B5D1-89DC-F9406BC528C7}.Release|Any CPU.ActiveCfg = Release|Any CPU
		{33FF5D3D-C2A5-B5D1-89DC-F9406BC528C7}.Release|Any CPU.Build.0 = Release|Any CPU
		{B621F512-4514-44F5-B3A0-C6617FC99AFB}.Debug|Any CPU.ActiveCfg = Debug|Any CPU
		{B621F512-4514-44F5-B3A0-C6617FC99AFB}.Debug|Any CPU.Build.0 = Debug|Any CPU
		{B621F512-4514-44F5-B3A0-C6617FC99AFB}.Release|Any CPU.ActiveCfg = Release|Any CPU
		{B621F512-4514-44F5-B3A0-C6617FC99AFB}.Release|Any CPU.Build.0 = Release|Any CPU
		{2982707F-BE0E-6E05-2334-D300FDCE73C5}.Debug|Any CPU.ActiveCfg = Debug|Any CPU
		{2982707F-BE0E-6E05-2334-D300FDCE73C5}.Debug|Any CPU.Build.0 = Debug|Any CPU
		{2982707F-BE0E-6E05-2334-D300FDCE73C5}.Release|Any CPU.ActiveCfg = Release|Any CPU
		{2982707F-BE0E-6E05-2334-D300FDCE73C5}.Release|Any CPU.Build.0 = Release|Any CPU
	EndGlobalSection
	GlobalSection(SolutionProperties) = preSolution
		HideSolutionNode = FALSE
	EndGlobalSection
EndGlobal
